# This file is automatically @generated by Poetry 1.8.2 and should not be changed by hand.

[[package]]
name = "colorama"
version = "0.4.6"
description = "Cross-platform colored terminal text."
optional = false
python-versions = "!=3.0.*,!=3.1.*,!=3.2.*,!=3.3.*,!=3.4.*,!=3.5.*,!=3.6.*,>=2.7"
files = [
    {file = "colorama-0.4.6-py2.py3-none-any.whl", hash = "sha256:4f1d9991f5acc0ca119f9d443620b77f9d6b33703e51011c16baf57afb285fc6"},
    {file = "colorama-0.4.6.tar.gz", hash = "sha256:08695f5cb7ed6e0531a20572697297273c47b8cae5a63ffc6d6ed5c201be6e44"},
]

[[package]]
name = "faiss-cpu"
version = "1.11.0"
description = "A library for efficient similarity search and clustering of dense vectors."
optional = false
python-versions = ">=3.9"
files = [
    {file = "faiss_cpu-1.11.0-cp310-cp310-macosx_14_0_arm64.whl", hash = "sha256:1995119152928c68096b0c1e5816e3ee5b1eebcf615b80370874523be009d0f6"},
    {file = "faiss_cpu-1.11.0-cp310-cp310-macosx_14_0_x86_64.whl", hash = "sha256:788d7bf24293fdecc1b93f1414ca5cc62ebd5f2fecfcbb1d77f0e0530621c95d"},
    {file = "faiss_cpu-1.11.0-cp310-cp310-manylinux_2_28_aarch64.whl", hash = "sha256:73408d52429558f67889581c0c6d206eedcf6fabe308908f2bdcd28fd5e8be4a"},
    {file = "faiss_cpu-1.11.0-cp310-cp310-manylinux_2_28_x86_64.whl", hash = "sha256:1f53513682ca94c76472544fa5f071553e428a1453e0b9755c9673f68de45f12"},
    {file = "faiss_cpu-1.11.0-cp310-cp310-win_amd64.whl", hash = "sha256:30489de0356d3afa0b492ca55da164d02453db2f7323c682b69334fde9e8d48e"},
    {file = "faiss_cpu-1.11.0-cp311-cp311-macosx_14_0_arm64.whl", hash = "sha256:a90d1c81d0ecf2157e1d2576c482d734d10760652a5b2fcfa269916611e41f1c"},
    {file = "faiss_cpu-1.11.0-cp311-cp311-macosx_14_0_x86_64.whl", hash = "sha256:2c39a388b059fb82cd97fbaa7310c3580ced63bf285be531453bfffbe89ea3dd"},
    {file = "faiss_cpu-1.11.0-cp311-cp311-manylinux_2_28_aarch64.whl", hash = "sha256:a4e3433ffc7f9b8707a7963db04f8676a5756868d325644db2db9d67a618b7a0"},
    {file = "faiss_cpu-1.11.0-cp311-cp311-manylinux_2_28_x86_64.whl", hash = "sha256:926645f1b6829623bc88e93bc8ca872504d604718ada3262e505177939aaee0a"},
    {file = "faiss_cpu-1.11.0-cp311-cp311-win_amd64.whl", hash = "sha256:931db6ed2197c03a7fdf833b057c13529afa2cec8a827aa081b7f0543e4e671b"},
    {file = "faiss_cpu-1.11.0-cp312-cp312-macosx_14_0_arm64.whl", hash = "sha256:356437b9a46f98c25831cdae70ca484bd6c05065af6256d87f6505005e9135b9"},
    {file = "faiss_cpu-1.11.0-cp312-cp312-macosx_14_0_x86_64.whl", hash = "sha256:c4a3d35993e614847f3221c6931529c0bac637a00eff0d55293e1db5cb98c85f"},
    {file = "faiss_cpu-1.11.0-cp312-cp312-manylinux_2_28_aarch64.whl", hash = "sha256:8f9af33e0b8324e8199b93eb70ac4a951df02802a9dcff88e9afc183b11666f0"},
    {file = "faiss_cpu-1.11.0-cp312-cp312-manylinux_2_28_x86_64.whl", hash = "sha256:48b7e7876829e6bdf7333041800fa3c1753bb0c47e07662e3ef55aca86981430"},
    {file = "faiss_cpu-1.11.0-cp312-cp312-win_amd64.whl", hash = "sha256:bdc199311266d2be9d299da52361cad981393327b2b8aa55af31a1b75eaaf522"},
    {file = "faiss_cpu-1.11.0-cp313-cp313-macosx_14_0_arm64.whl", hash = "sha256:0c98e5feff83b87348e44eac4d578d6f201780dae6f27f08a11d55536a20b3a8"},
    {file = "faiss_cpu-1.11.0-cp313-cp313-macosx_14_0_x86_64.whl", hash = "sha256:796e90389427b1c1fb06abdb0427bb343b6350f80112a2e6090ac8f176ff7416"},
    {file = "faiss_cpu-1.11.0-cp313-cp313-manylinux_2_28_aarch64.whl", hash = "sha256:2b6e355dda72b3050991bc32031b558b8f83a2b3537a2b9e905a84f28585b47e"},
    {file = "faiss_cpu-1.11.0-cp313-cp313-manylinux_2_28_x86_64.whl", hash = "sha256:6c482d07194638c169b4422774366e7472877d09181ea86835e782e6304d4185"},
    {file = "faiss_cpu-1.11.0-cp313-cp313-win_amd64.whl", hash = "sha256:13eac45299532b10e911bff1abbb19d1bf5211aa9e72afeade653c3f1e50e042"},
    {file = "faiss_cpu-1.11.0-cp39-cp39-macosx_14_0_arm64.whl", hash = "sha256:4c029f2d21d50c1118e35457532e8a0a39f1a9fc1d864dd003e27576778bf2b5"},
    {file = "faiss_cpu-1.11.0-cp39-cp39-macosx_14_0_x86_64.whl", hash = "sha256:d09d6b474c22caa0657f627be1b83d14d75ed0a29b6c06facfe9b7c9efa4ed38"},
    {file = "faiss_cpu-1.11.0-cp39-cp39-manylinux_2_28_aarch64.whl", hash = "sha256:72165263bbc3bf4026276b9df4227bb2871823b23af6546cd41a90bcd08d5f25"},
    {file = "faiss_cpu-1.11.0-cp39-cp39-manylinux_2_28_x86_64.whl", hash = "sha256:760a4f0ce612c5ddaf4862d32ec13d5b8e609c983d391d419ea5ea50d5557dd9"},
    {file = "faiss_cpu-1.11.0-cp39-cp39-win_amd64.whl", hash = "sha256:a2ad3b2aadd490d15d2d19586679ad2f4e821c1a9597af8086ba543bef4d6e1f"},
    {file = "faiss_cpu-1.11.0.tar.gz", hash = "sha256:44877b896a2b30a61e35ea4970d008e8822545cb340eca4eff223ac7f40a1db9"},
]

[package.dependencies]
numpy = ">=1.25.0,<3.0"
packaging = "*"

[[package]]
name = "imagehash"
version = "4.3.2"
description = "Image Hashing library"
optional = false
python-versions = "*"
files = [
    {file = "ImageHash-4.3.2-py2.py3-none-any.whl", hash = "sha256:02b0f965f8c77cd813f61d7d39031ea27d4780e7ebcad56c6cd6a709acc06e5f"},
    {file = "ImageHash-4.3.2.tar.gz", hash = "sha256:e54a79805afb82a34acde4746a16540503a9636fd1ffb31d8e099b29bbbf8156"},
]

[package.dependencies]
numpy = "*"
pillow = "*"
PyWavelets = "*"
scipy = "*"

[[package]]
name = "iniconfig"
version = "2.1.0"
description = "brain-dead simple config-ini parsing"
optional = false
python-versions = ">=3.8"
files = [
    {file = "iniconfig-2.1.0-py3-none-any.whl", hash = "sha256:9deba5723312380e77435581c6bf4935c94cbfab9b1ed33ef8d238ea168eb760"},
    {file = "iniconfig-2.1.0.tar.gz", hash = "sha256:3abbd2e30b36733fee78f9c7f7308f2d0050e88f0087fd25c2645f63c773e1c7"},
]

[[package]]
name = "numpy"
version = "2.3.1"
description = "Fundamental package for array computing in Python"
optional = false
python-versions = ">=3.11"
files = [
    {file = "numpy-2.3.1-cp311-cp311-macosx_10_9_x86_64.whl", hash = "sha256:6ea9e48336a402551f52cd8f593343699003d2353daa4b72ce8d34f66b722070"},
    {file = "numpy-2.3.1-cp311-cp311-macosx_11_0_arm64.whl", hash = "sha256:5ccb7336eaf0e77c1635b232c141846493a588ec9ea777a7c24d7166bb8533ae"},
    {file = "numpy-2.3.1-cp311-cp311-macosx_14_0_arm64.whl", hash = "sha256:0bb3a4a61e1d327e035275d2a993c96fa786e4913aa089843e6a2d9dd205c66a"},
    {file = "numpy-2.3.1-cp311-cp311-macosx_14_0_x86_64.whl", hash = "sha256:e344eb79dab01f1e838ebb67aab09965fb271d6da6b00adda26328ac27d4a66e"},
    {file = "numpy-2.3.1-cp311-cp311-manylinux_2_28_aarch64.whl", hash = "sha256:467db865b392168ceb1ef1ffa6f5a86e62468c43e0cfb4ab6da667ede10e58db"},
    {file = "numpy-2.3.1-cp311-cp311-manylinux_2_28_x86_64.whl", hash = "sha256:afed2ce4a84f6b0fc6c1ce734ff368cbf5a5e24e8954a338f3bdffa0718adffb"},
    {file = "numpy-2.3.1-cp311-cp311-musllinux_1_2_aarch64.whl", hash = "sha256:0025048b3c1557a20bc80d06fdeb8cc7fc193721484cca82b2cfa072fec71a93"},
    {file = "numpy-2.3.1-cp311-cp311-musllinux_1_2_x86_64.whl", hash = "sha256:a5ee121b60aa509679b682819c602579e1df14a5b07fe95671c8849aad8f2115"},
    {file = "numpy-2.3.1-cp311-cp311-win32.whl", hash = "sha256:a8b740f5579ae4585831b3cf0e3b0425c667274f82a484866d2adf9570539369"},
    {file = "numpy-2.3.1-cp311-cp311-win_amd64.whl", hash = "sha256:d4580adadc53311b163444f877e0789f1c8861e2698f6b2a4ca852fda154f3ff"},
    {file = "numpy-2.3.1-cp311-cp311-win_arm64.whl", hash = "sha256:ec0bdafa906f95adc9a0c6f26a4871fa753f25caaa0e032578a30457bff0af6a"},
    {file = "numpy-2.3.1-cp312-cp312-macosx_10_13_x86_64.whl", hash = "sha256:2959d8f268f3d8ee402b04a9ec4bb7604555aeacf78b360dc4ec27f1d508177d"},
    {file = "numpy-2.3.1-cp312-cp312-macosx_11_0_arm64.whl", hash = "sha256:762e0c0c6b56bdedfef9a8e1d4538556438288c4276901ea008ae44091954e29"},
    {file = "numpy-2.3.1-cp312-cp312-macosx_14_0_arm64.whl", hash = "sha256:867ef172a0976aaa1f1d1b63cf2090de8b636a7674607d514505fb7276ab08fc"},
    {file = "numpy-2.3.1-cp312-cp312-macosx_14_0_x86_64.whl", hash = "sha256:4e602e1b8682c2b833af89ba641ad4176053aaa50f5cacda1a27004352dde943"},
    {file = "numpy-2.3.1-cp312-cp312-manylinux_2_28_aarch64.whl", hash = "sha256:8e333040d069eba1652fb08962ec5b76af7f2c7bce1df7e1418c8055cf776f25"},
    {file = "numpy-2.3.1-cp312-cp312-manylinux_2_28_x86_64.whl", hash = "sha256:e7cbf5a5eafd8d230a3ce356d892512185230e4781a361229bd902ff403bc660"},
    {file = "numpy-2.3.1-cp312-cp312-musllinux_1_2_aarch64.whl", hash = "sha256:5f1b8f26d1086835f442286c1d9b64bb3974b0b1e41bb105358fd07d20872952"},
    {file = "numpy-2.3.1-cp312-cp312-musllinux_1_2_x86_64.whl", hash = "sha256:ee8340cb48c9b7a5899d1149eece41ca535513a9698098edbade2a8e7a84da77"},
    {file = "numpy-2.3.1-cp312-cp312-win32.whl", hash = "sha256:e772dda20a6002ef7061713dc1e2585bc1b534e7909b2030b5a46dae8ff077ab"},
    {file = "numpy-2.3.1-cp312-cp312-win_amd64.whl", hash = "sha256:cfecc7822543abdea6de08758091da655ea2210b8ffa1faf116b940693d3df76"},
    {file = "numpy-2.3.1-cp312-cp312-win_arm64.whl", hash = "sha256:7be91b2239af2658653c5bb6f1b8bccafaf08226a258caf78ce44710a0160d30"},
    {file = "numpy-2.3.1-cp313-cp313-macosx_10_13_x86_64.whl", hash = "sha256:25a1992b0a3fdcdaec9f552ef10d8103186f5397ab45e2d25f8ac51b1a6b97e8"},
    {file = "numpy-2.3.1-cp313-cp313-macosx_11_0_arm64.whl", hash = "sha256:7dea630156d39b02a63c18f508f85010230409db5b2927ba59c8ba4ab3e8272e"},
    {file = "numpy-2.3.1-cp313-cp313-macosx_14_0_arm64.whl", hash = "sha256:bada6058dd886061f10ea15f230ccf7dfff40572e99fef440a4a857c8728c9c0"},
    {file = "numpy-2.3.1-cp313-cp313-macosx_14_0_x86_64.whl", hash = "sha256:a894f3816eb17b29e4783e5873f92faf55b710c2519e5c351767c51f79d8526d"},
    {file = "numpy-2.3.1-cp313-cp313-manylinux_2_28_aarch64.whl", hash = "sha256:18703df6c4a4fee55fd3d6e5a253d01c5d33a295409b03fda0c86b3ca2ff41a1"},
    {file = "numpy-2.3.1-cp313-cp313-manylinux_2_28_x86_64.whl", hash = "sha256:5902660491bd7a48b2ec16c23ccb9124b8abfd9583c5fdfa123fe6b421e03de1"},
    {file = "numpy-2.3.1-cp313-cp313-musllinux_1_2_aarch64.whl", hash = "sha256:36890eb9e9d2081137bd78d29050ba63b8dab95dff7912eadf1185e80074b2a0"},
    {file = "numpy-2.3.1-cp313-cp313-musllinux_1_2_x86_64.whl", hash = "sha256:a780033466159c2270531e2b8ac063704592a0bc62ec4a1b991c7c40705eb0e8"},
    {file = "numpy-2.3.1-cp313-cp313-win32.whl", hash = "sha256:39bff12c076812595c3a306f22bfe49919c5513aa1e0e70fac756a0be7c2a2b8"},
    {file = "numpy-2.3.1-cp313-cp313-win_amd64.whl", hash = "sha256:8d5ee6eec45f08ce507a6570e06f2f879b374a552087a4179ea7838edbcbfa42"},
    {file = "numpy-2.3.1-cp313-cp313-win_arm64.whl", hash = "sha256:0c4d9e0a8368db90f93bd192bfa771ace63137c3488d198ee21dfb8e7771916e"},
    {file = "numpy-2.3.1-cp313-cp313t-macosx_10_13_x86_64.whl", hash = "sha256:b0b5397374f32ec0649dd98c652a1798192042e715df918c20672c62fb52d4b8"},
    {file = "numpy-2.3.1-cp313-cp313t-macosx_11_0_arm64.whl", hash = "sha256:c5bdf2015ccfcee8253fb8be695516ac4457c743473a43290fd36eba6a1777eb"},
    {file = "numpy-2.3.1-cp313-cp313t-macosx_14_0_arm64.whl", hash = "sha256:d70f20df7f08b90a2062c1f07737dd340adccf2068d0f1b9b3d56e2038979fee"},
    {file = "numpy-2.3.1-cp313-cp313t-macosx_14_0_x86_64.whl", hash = "sha256:2fb86b7e58f9ac50e1e9dd1290154107e47d1eef23a0ae9145ded06ea606f992"},
    {file = "numpy-2.3.1-cp313-cp313t-manylinux_2_28_aarch64.whl", hash = "sha256:23ab05b2d241f76cb883ce8b9a93a680752fbfcbd51c50eff0b88b979e471d8c"},
    {file = "numpy-2.3.1-cp313-cp313t-manylinux_2_28_x86_64.whl", hash = "sha256:ce2ce9e5de4703a673e705183f64fd5da5bf36e7beddcb63a25ee2286e71ca48"},
    {file = "numpy-2.3.1-cp313-cp313t-musllinux_1_2_aarch64.whl", hash = "sha256:c4913079974eeb5c16ccfd2b1f09354b8fed7e0d6f2cab933104a09a6419b1ee"},
    {file = "numpy-2.3.1-cp313-cp313t-musllinux_1_2_x86_64.whl", hash = "sha256:010ce9b4f00d5c036053ca684c77441f2f2c934fd23bee058b4d6f196efd8280"},
    {file = "numpy-2.3.1-cp313-cp313t-win32.whl", hash = "sha256:6269b9edfe32912584ec496d91b00b6d34282ca1d07eb10e82dfc780907d6c2e"},
    {file = "numpy-2.3.1-cp313-cp313t-win_amd64.whl", hash = "sha256:2a809637460e88a113e186e87f228d74ae2852a2e0c44de275263376f17b5bdc"},
    {file = "numpy-2.3.1-cp313-cp313t-win_arm64.whl", hash = "sha256:eccb9a159db9aed60800187bc47a6d3451553f0e1b08b068d8b277ddfbb9b244"},
    {file = "numpy-2.3.1-pp311-pypy311_pp73-macosx_10_15_x86_64.whl", hash = "sha256:ad506d4b09e684394c42c966ec1527f6ebc25da7f4da4b1b056606ffe446b8a3"},
    {file = "numpy-2.3.1-pp311-pypy311_pp73-macosx_14_0_arm64.whl", hash = "sha256:ebb8603d45bc86bbd5edb0d63e52c5fd9e7945d3a503b77e486bd88dde67a19b"},
    {file = "numpy-2.3.1-pp311-pypy311_pp73-macosx_14_0_x86_64.whl", hash = "sha256:15aa4c392ac396e2ad3d0a2680c0f0dee420f9fed14eef09bdb9450ee6dcb7b7"},
    {file = "numpy-2.3.1-pp311-pypy311_pp73-manylinux_2_28_aarch64.whl", hash = "sha256:c6e0bf9d1a2f50d2b65a7cf56db37c095af17b59f6c132396f7c6d5dd76484df"},
    {file = "numpy-2.3.1-pp311-pypy311_pp73-manylinux_2_28_x86_64.whl", hash = "sha256:eabd7e8740d494ce2b4ea0ff05afa1b7b291e978c0ae075487c51e8bd93c0c68"},
    {file = "numpy-2.3.1-pp311-pypy311_pp73-win_amd64.whl", hash = "sha256:e610832418a2bc09d974cc9fecebfa51e9532d6190223bc5ef6a7402ebf3b5cb"},
    {file = "numpy-2.3.1.tar.gz", hash = "sha256:1ec9ae20a4226da374362cca3c62cd753faf2f951440b0e3b98e93c235441d2b"},
]

[[package]]
name = "packaging"
version = "25.0"
description = "Core utilities for Python packages"
optional = false
python-versions = ">=3.8"
files = [
    {file = "packaging-25.0-py3-none-any.whl", hash = "sha256:29572ef2b1f17581046b3a2227d5c611fb25ec70ca1ba8554b24b0e69331a484"},
    {file = "packaging-25.0.tar.gz", hash = "sha256:d443872c98d677bf60f6a1f2f8c1cb748e8fe762d2bf9d3148b5599295b0fc4f"},
]

[[package]]
name = "pillow"
version = "11.3.0"
description = "Python Imaging Library (Fork)"
optional = false
python-versions = ">=3.9"
files = [
    {file = "pillow-11.3.0-cp310-cp310-macosx_10_10_x86_64.whl", hash = "sha256:1b9c17fd4ace828b3003dfd1e30bff24863e0eb59b535e8f80194d9cc7ecf860"},
    {file = "pillow-11.3.0-cp310-cp310-macosx_11_0_arm64.whl", hash = "sha256:65dc69160114cdd0ca0f35cb434633c75e8e7fad4cf855177a05bf38678f73ad"},
    {file = "pillow-11.3.0-cp310-cp310-manylinux2014_aarch64.manylinux_2_17_aarch64.whl", hash = "sha256:7107195ddc914f656c7fc8e4a5e1c25f32e9236ea3ea860f257b0436011fddd0"},
    {file = "pillow-11.3.0-cp310-cp310-manylinux2014_x86_64.manylinux_2_17_x86_64.whl", hash = "sha256:cc3e831b563b3114baac7ec2ee86819eb03caa1a2cef0b481a5675b59c4fe23b"},
    {file = "pillow-11.3.0-cp310-cp310-manylinux_2_27_aarch64.manylinux_2_28_aarch64.whl", hash = "sha256:f1f182ebd2303acf8c380a54f615ec883322593320a9b00438eb842c1f37ae50"},
    {file = "pillow-11.3.0-cp310-cp310-manylinux_2_27_x86_64.manylinux_2_28_x86_64.whl", hash = "sha256:4445fa62e15936a028672fd48c4c11a66d641d2c05726c7ec1f8ba6a572036ae"},
    {file = "pillow-11.3.0-cp310-cp310-musllinux_1_2_aarch64.whl", hash = "sha256:71f511f6b3b91dd543282477be45a033e4845a40278fa8dcdbfdb07109bf18f9"},
    {file = "pillow-11.3.0-cp310-cp310-musllinux_1_2_x86_64.whl", hash = "sha256:040a5b691b0713e1f6cbe222e0f4f74cd233421e105850ae3b3c0ceda520f42e"},
    {file = "pillow-11.3.0-cp310-cp310-win32.whl", hash = "sha256:89bd777bc6624fe4115e9fac3352c79ed60f3bb18651420635f26e643e3dd1f6"},
    {file = "pillow-11.3.0-cp310-cp310-win_amd64.whl", hash = "sha256:19d2ff547c75b8e3ff46f4d9ef969a06c30ab2d4263a9e287733aa8b2429ce8f"},
    {file = "pillow-11.3.0-cp310-cp310-win_arm64.whl", hash = "sha256:819931d25e57b513242859ce1876c58c59dc31587847bf74cfe06b2e0cb22d2f"},
    {file = "pillow-11.3.0-cp311-cp311-macosx_10_10_x86_64.whl", hash = "sha256:1cd110edf822773368b396281a2293aeb91c90a2db00d78ea43e7e861631b722"},
    {file = "pillow-11.3.0-cp311-cp311-macosx_11_0_arm64.whl", hash = "sha256:9c412fddd1b77a75aa904615ebaa6001f169b26fd467b4be93aded278266b288"},
    {file = "pillow-11.3.0-cp311-cp311-manylinux2014_aarch64.manylinux_2_17_aarch64.whl", hash = "sha256:7d1aa4de119a0ecac0a34a9c8bde33f34022e2e8f99104e47a3ca392fd60e37d"},
    {file = "pillow-11.3.0-cp311-cp311-manylinux2014_x86_64.manylinux_2_17_x86_64.whl", hash = "sha256:91da1d88226663594e3f6b4b8c3c8d85bd504117d043740a8e0ec449087cc494"},
    {file = "pillow-11.3.0-cp311-cp311-manylinux_2_27_aarch64.manylinux_2_28_aarch64.whl", hash = "sha256:643f189248837533073c405ec2f0bb250ba54598cf80e8c1e043381a60632f58"},
    {file = "pillow-11.3.0-cp311-cp311-manylinux_2_27_x86_64.manylinux_2_28_x86_64.whl", hash = "sha256:106064daa23a745510dabce1d84f29137a37224831d88eb4ce94bb187b1d7e5f"},
    {file = "pillow-11.3.0-cp311-cp311-musllinux_1_2_aarch64.whl", hash = "sha256:cd8ff254faf15591e724dc7c4ddb6bf4793efcbe13802a4ae3e863cd300b493e"},
    {file = "pillow-11.3.0-cp311-cp311-musllinux_1_2_x86_64.whl", hash = "sha256:932c754c2d51ad2b2271fd01c3d121daaa35e27efae2a616f77bf164bc0b3e94"},
    {file = "pillow-11.3.0-cp311-cp311-win32.whl", hash = "sha256:b4b8f3efc8d530a1544e5962bd6b403d5f7fe8b9e08227c6b255f98ad82b4ba0"},
    {file = "pillow-11.3.0-cp311-cp311-win_amd64.whl", hash = "sha256:1a992e86b0dd7aeb1f053cd506508c0999d710a8f07b4c791c63843fc6a807ac"},
    {file = "pillow-11.3.0-cp311-cp311-win_arm64.whl", hash = "sha256:30807c931ff7c095620fe04448e2c2fc673fcbb1ffe2a7da3fb39613489b1ddd"},
    {file = "pillow-11.3.0-cp312-cp312-macosx_10_13_x86_64.whl", hash = "sha256:fdae223722da47b024b867c1ea0be64e0df702c5e0a60e27daad39bf960dd1e4"},
    {file = "pillow-11.3.0-cp312-cp312-macosx_11_0_arm64.whl", hash = "sha256:921bd305b10e82b4d1f5e802b6850677f965d8394203d182f078873851dada69"},
    {file = "pillow-11.3.0-cp312-cp312-manylinux2014_aarch64.manylinux_2_17_aarch64.whl", hash = "sha256:eb76541cba2f958032d79d143b98a3a6b3ea87f0959bbe256c0b5e416599fd5d"},
    {file = "pillow-11.3.0-cp312-cp312-manylinux2014_x86_64.manylinux_2_17_x86_64.whl", hash = "sha256:67172f2944ebba3d4a7b54f2e95c786a3a50c21b88456329314caaa28cda70f6"},
    {file = "pillow-11.3.0-cp312-cp312-manylinux_2_27_aarch64.manylinux_2_28_aarch64.whl", hash = "sha256:97f07ed9f56a3b9b5f49d3661dc9607484e85c67e27f3e8be2c7d28ca032fec7"},
    {file = "pillow-11.3.0-cp312-cp312-manylinux_2_27_x86_64.manylinux_2_28_x86_64.whl", hash = "sha256:676b2815362456b5b3216b4fd5bd89d362100dc6f4945154ff172e206a22c024"},
    {file = "pillow-11.3.0-cp312-cp312-musllinux_1_2_aarch64.whl", hash = "sha256:3e184b2f26ff146363dd07bde8b711833d7b0202e27d13540bfe2e35a323a809"},
    {file = "pillow-11.3.0-cp312-cp312-musllinux_1_2_x86_64.whl", hash = "sha256:6be31e3fc9a621e071bc17bb7de63b85cbe0bfae91bb0363c893cbe67247780d"},
    {file = "pillow-11.3.0-cp312-cp312-win32.whl", hash = "sha256:7b161756381f0918e05e7cb8a371fff367e807770f8fe92ecb20d905d0e1c149"},
    {file = "pillow-11.3.0-cp312-cp312-win_amd64.whl", hash = "sha256:a6444696fce635783440b7f7a9fc24b3ad10a9ea3f0ab66c5905be1c19ccf17d"},
    {file = "pillow-11.3.0-cp312-cp312-win_arm64.whl", hash = "sha256:2aceea54f957dd4448264f9bf40875da0415c83eb85f55069d89c0ed436e3542"},
    {file = "pillow-11.3.0-cp313-cp313-ios_13_0_arm64_iphoneos.whl", hash = "sha256:1c627742b539bba4309df89171356fcb3cc5a9178355b2727d1b74a6cf155fbd"},
    {file = "pillow-11.3.0-cp313-cp313-ios_13_0_arm64_iphonesimulator.whl", hash = "sha256:30b7c02f3899d10f13d7a48163c8969e4e653f8b43416d23d13d1bbfdc93b9f8"},
    {file = "pillow-11.3.0-cp313-cp313-ios_13_0_x86_64_iphonesimulator.whl", hash = "sha256:7859a4cc7c9295f5838015d8cc0a9c215b77e43d07a25e460f35cf516df8626f"},
    {file = "pillow-11.3.0-cp313-cp313-macosx_10_13_x86_64.whl", hash = "sha256:ec1ee50470b0d050984394423d96325b744d55c701a439d2bd66089bff963d3c"},
    {file = "pillow-11.3.0-cp313-cp313-macosx_11_0_arm64.whl", hash = "sha256:7db51d222548ccfd274e4572fdbf3e810a5e66b00608862f947b163e613b67dd"},
    {file = "pillow-11.3.0-cp313-cp313-manylinux2014_aarch64.manylinux_2_17_aarch64.whl", hash = "sha256:2d6fcc902a24ac74495df63faad1884282239265c6839a0a6416d33faedfae7e"},
    {file = "pillow-11.3.0-cp313-cp313-manylinux2014_x86_64.manylinux_2_17_x86_64.whl", hash = "sha256:f0f5d8f4a08090c6d6d578351a2b91acf519a54986c055af27e7a93feae6d3f1"},
    {file = "pillow-11.3.0-cp313-cp313-manylinux_2_27_aarch64.manylinux_2_28_aarch64.whl", hash = "sha256:c37d8ba9411d6003bba9e518db0db0c58a680ab9fe5179f040b0463644bc9805"},
    {file = "pillow-11.3.0-cp313-cp313-manylinux_2_27_x86_64.manylinux_2_28_x86_64.whl", hash = "sha256:13f87d581e71d9189ab21fe0efb5a23e9f28552d5be6979e84001d3b8505abe8"},
    {file = "pillow-11.3.0-cp313-cp313-musllinux_1_2_aarch64.whl", hash = "sha256:023f6d2d11784a465f09fd09a34b150ea4672e85fb3d05931d89f373ab14abb2"},
    {file = "pillow-11.3.0-cp313-cp313-musllinux_1_2_x86_64.whl", hash = "sha256:45dfc51ac5975b938e9809451c51734124e73b04d0f0ac621649821a63852e7b"},
    {file = "pillow-11.3.0-cp313-cp313-win32.whl", hash = "sha256:a4d336baed65d50d37b88ca5b60c0fa9d81e3a87d4a7930d3880d1624d5b31f3"},
    {file = "pillow-11.3.0-cp313-cp313-win_amd64.whl", hash = "sha256:0bce5c4fd0921f99d2e858dc4d4d64193407e1b99478bc5cacecba2311abde51"},
    {file = "pillow-11.3.0-cp313-cp313-win_arm64.whl", hash = "sha256:1904e1264881f682f02b7f8167935cce37bc97db457f8e7849dc3a6a52b99580"},
    {file = "pillow-11.3.0-cp313-cp313t-macosx_10_13_x86_64.whl", hash = "sha256:4c834a3921375c48ee6b9624061076bc0a32a60b5532b322cc0ea64e639dd50e"},
    {file = "pillow-11.3.0-cp313-cp313t-macosx_11_0_arm64.whl", hash = "sha256:5e05688ccef30ea69b9317a9ead994b93975104a677a36a8ed8106be9260aa6d"},
    {file = "pillow-11.3.0-cp313-cp313t-manylinux2014_aarch64.manylinux_2_17_aarch64.whl", hash = "sha256:1019b04af07fc0163e2810167918cb5add8d74674b6267616021ab558dc98ced"},
    {file = "pillow-11.3.0-cp313-cp313t-manylinux2014_x86_64.manylinux_2_17_x86_64.whl", hash = "sha256:f944255db153ebb2b19c51fe85dd99ef0ce494123f21b9db4877ffdfc5590c7c"},
    {file = "pillow-11.3.0-cp313-cp313t-manylinux_2_27_aarch64.manylinux_2_28_aarch64.whl", hash = "sha256:1f85acb69adf2aaee8b7da124efebbdb959a104db34d3a2cb0f3793dbae422a8"},
    {file = "pillow-11.3.0-cp313-cp313t-manylinux_2_27_x86_64.manylinux_2_28_x86_64.whl", hash = "sha256:05f6ecbeff5005399bb48d198f098a9b4b6bdf27b8487c7f38ca16eeb070cd59"},
    {file = "pillow-11.3.0-cp313-cp313t-musllinux_1_2_aarch64.whl", hash = "sha256:a7bc6e6fd0395bc052f16b1a8670859964dbd7003bd0af2ff08342eb6e442cfe"},
    {file = "pillow-11.3.0-cp313-cp313t-musllinux_1_2_x86_64.whl", hash = "sha256:83e1b0161c9d148125083a35c1c5a89db5b7054834fd4387499e06552035236c"},
    {file = "pillow-11.3.0-cp313-cp313t-win32.whl", hash = "sha256:2a3117c06b8fb646639dce83694f2f9eac405472713fcb1ae887469c0d4f6788"},
    {file = "pillow-11.3.0-cp313-cp313t-win_amd64.whl", hash = "sha256:857844335c95bea93fb39e0fa2726b4d9d758850b34075a7e3ff4f4fa3aa3b31"},
    {file = "pillow-11.3.0-cp313-cp313t-win_arm64.whl", hash = "sha256:8797edc41f3e8536ae4b10897ee2f637235c94f27404cac7297f7b607dd0716e"},
    {file = "pillow-11.3.0-cp314-cp314-macosx_10_13_x86_64.whl", hash = "sha256:d9da3df5f9ea2a89b81bb6087177fb1f4d1c7146d583a3fe5c672c0d94e55e12"},
    {file = "pillow-11.3.0-cp314-cp314-macosx_11_0_arm64.whl", hash = "sha256:0b275ff9b04df7b640c59ec5a3cb113eefd3795a8df80bac69646ef699c6981a"},
    {file = "pillow-11.3.0-cp314-cp314-manylinux2014_aarch64.manylinux_2_17_aarch64.whl", hash = "sha256:0743841cabd3dba6a83f38a92672cccbd69af56e3e91777b0ee7f4dba4385632"},
    {file = "pillow-11.3.0-cp314-cp314-manylinux2014_x86_64.manylinux_2_17_x86_64.whl", hash = "sha256:2465a69cf967b8b49ee1b96d76718cd98c4e925414ead59fdf75cf0fd07df673"},
    {file = "pillow-11.3.0-cp314-cp314-manylinux_2_27_aarch64.manylinux_2_28_aarch64.whl", hash = "sha256:41742638139424703b4d01665b807c6468e23e699e8e90cffefe291c5832b027"},
    {file = "pillow-11.3.0-cp314-cp314-manylinux_2_27_x86_64.manylinux_2_28_x86_64.whl", hash = "sha256:93efb0b4de7e340d99057415c749175e24c8864302369e05914682ba642e5d77"},
    {file = "pillow-11.3.0-cp314-cp314-musllinux_1_2_aarch64.whl", hash = "sha256:7966e38dcd0fa11ca390aed7c6f20454443581d758242023cf36fcb319b1a874"},
    {file = "pillow-11.3.0-cp314-cp314-musllinux_1_2_x86_64.whl", hash = "sha256:98a9afa7b9007c67ed84c57c9e0ad86a6000da96eaa638e4f8abe5b65ff83f0a"},
    {file = "pillow-11.3.0-cp314-cp314-win32.whl", hash = "sha256:02a723e6bf909e7cea0dac1b0e0310be9d7650cd66222a5f1c571455c0a45214"},
    {file = "pillow-11.3.0-cp314-cp314-win_amd64.whl", hash = "sha256:a418486160228f64dd9e9efcd132679b7a02a5f22c982c78b6fc7dab3fefb635"},
    {file = "pillow-11.3.0-cp314-cp314-win_arm64.whl", hash = "sha256:155658efb5e044669c08896c0c44231c5e9abcaadbc5cd3648df2f7c0b96b9a6"},
    {file = "pillow-11.3.0-cp314-cp314t-macosx_10_13_x86_64.whl", hash = "sha256:59a03cdf019efbfeeed910bf79c7c93255c3d54bc45898ac2a4140071b02b4ae"},
    {file = "pillow-11.3.0-cp314-cp314t-macosx_11_0_arm64.whl", hash = "sha256:f8a5827f84d973d8636e9dc5764af4f0cf2318d26744b3d902931701b0d46653"},
    {file = "pillow-11.3.0-cp314-cp314t-manylinux2014_aarch64.manylinux_2_17_aarch64.whl", hash = "sha256:ee92f2fd10f4adc4b43d07ec5e779932b4eb3dbfbc34790ada5a6669bc095aa6"},
    {file = "pillow-11.3.0-cp314-cp314t-manylinux2014_x86_64.manylinux_2_17_x86_64.whl", hash = "sha256:c96d333dcf42d01f47b37e0979b6bd73ec91eae18614864622d9b87bbd5bbf36"},
    {file = "pillow-11.3.0-cp314-cp314t-manylinux_2_27_aarch64.manylinux_2_28_aarch64.whl", hash = "sha256:4c96f993ab8c98460cd0c001447bff6194403e8b1d7e149ade5f00594918128b"},
    {file = "pillow-11.3.0-cp314-cp314t-manylinux_2_27_x86_64.manylinux_2_28_x86_64.whl", hash = "sha256:41342b64afeba938edb034d122b2dda5db2139b9a4af999729ba8818e0056477"},
    {file = "pillow-11.3.0-cp314-cp314t-musllinux_1_2_aarch64.whl", hash = "sha256:068d9c39a2d1b358eb9f245ce7ab1b5c3246c7c8c7d9ba58cfa5b43146c06e50"},
    {file = "pillow-11.3.0-cp314-cp314t-musllinux_1_2_x86_64.whl", hash = "sha256:a1bc6ba083b145187f648b667e05a2534ecc4b9f2784c2cbe3089e44868f2b9b"},
    {file = "pillow-11.3.0-cp314-cp314t-win32.whl", hash = "sha256:118ca10c0d60b06d006be10a501fd6bbdfef559251ed31b794668ed569c87e12"},
    {file = "pillow-11.3.0-cp314-cp314t-win_amd64.whl", hash = "sha256:8924748b688aa210d79883357d102cd64690e56b923a186f35a82cbc10f997db"},
    {file = "pillow-11.3.0-cp314-cp314t-win_arm64.whl", hash = "sha256:79ea0d14d3ebad43ec77ad5272e6ff9bba5b679ef73375ea760261207fa8e0aa"},
    {file = "pillow-11.3.0-cp39-cp39-macosx_10_10_x86_64.whl", hash = "sha256:48d254f8a4c776de343051023eb61ffe818299eeac478da55227d96e241de53f"},
    {file = "pillow-11.3.0-cp39-cp39-macosx_11_0_arm64.whl", hash = "sha256:7aee118e30a4cf54fdd873bd3a29de51e29105ab11f9aad8c32123f58c8f8081"},
    {file = "pillow-11.3.0-cp39-cp39-manylinux2014_aarch64.manylinux_2_17_aarch64.whl", hash = "sha256:23cff760a9049c502721bdb743a7cb3e03365fafcdfc2ef9784610714166e5a4"},
    {file = "pillow-11.3.0-cp39-cp39-manylinux2014_x86_64.manylinux_2_17_x86_64.whl", hash = "sha256:6359a3bc43f57d5b375d1ad54a0074318a0844d11b76abccf478c37c986d3cfc"},
    {file = "pillow-11.3.0-cp39-cp39-manylinux_2_27_aarch64.manylinux_2_28_aarch64.whl", hash = "sha256:092c80c76635f5ecb10f3f83d76716165c96f5229addbd1ec2bdbbda7d496e06"},
    {file = "pillow-11.3.0-cp39-cp39-manylinux_2_27_x86_64.manylinux_2_28_x86_64.whl", hash = "sha256:cadc9e0ea0a2431124cde7e1697106471fc4c1da01530e679b2391c37d3fbb3a"},
    {file = "pillow-11.3.0-cp39-cp39-musllinux_1_2_aarch64.whl", hash = "sha256:6a418691000f2a418c9135a7cf0d797c1bb7d9a485e61fe8e7722845b95ef978"},
    {file = "pillow-11.3.0-cp39-cp39-musllinux_1_2_x86_64.whl", hash = "sha256:97afb3a00b65cc0804d1c7abddbf090a81eaac02768af58cbdcaaa0a931e0b6d"},
    {file = "pillow-11.3.0-cp39-cp39-win32.whl", hash = "sha256:ea944117a7974ae78059fcc1800e5d3295172bb97035c0c1d9345fca1419da71"},
    {file = "pillow-11.3.0-cp39-cp39-win_amd64.whl", hash = "sha256:e5c5858ad8ec655450a7c7df532e9842cf8df7cc349df7225c60d5d348c8aada"},
    {file = "pillow-11.3.0-cp39-cp39-win_arm64.whl", hash = "sha256:6abdbfd3aea42be05702a8dd98832329c167ee84400a1d1f61ab11437f1717eb"},
    {file = "pillow-11.3.0-pp310-pypy310_pp73-macosx_10_15_x86_64.whl", hash = "sha256:3cee80663f29e3843b68199b9d6f4f54bd1d4a6b59bdd91bceefc51238bcb967"},
    {file = "pillow-11.3.0-pp310-pypy310_pp73-macosx_11_0_arm64.whl", hash = "sha256:b5f56c3f344f2ccaf0dd875d3e180f631dc60a51b314295a3e681fe8cf851fbe"},
    {file = "pillow-11.3.0-pp310-pypy310_pp73-manylinux2014_aarch64.manylinux_2_17_aarch64.whl", hash = "sha256:e67d793d180c9df62f1f40aee3accca4829d3794c95098887edc18af4b8b780c"},
    {file = "pillow-11.3.0-pp310-pypy310_pp73-manylinux2014_x86_64.manylinux_2_17_x86_64.whl", hash = "sha256:d000f46e2917c705e9fb93a3606ee4a819d1e3aa7a9b442f6444f07e77cf5e25"},
    {file = "pillow-11.3.0-pp310-pypy310_pp73-manylinux_2_27_aarch64.manylinux_2_28_aarch64.whl", hash = "sha256:527b37216b6ac3a12d7838dc3bd75208ec57c1c6d11ef01902266a5a0c14fc27"},
    {file = "pillow-11.3.0-pp310-pypy310_pp73-manylinux_2_27_x86_64.manylinux_2_28_x86_64.whl", hash = "sha256:be5463ac478b623b9dd3937afd7fb7ab3d79dd290a28e2b6df292dc75063eb8a"},
    {file = "pillow-11.3.0-pp310-pypy310_pp73-win_amd64.whl", hash = "sha256:8dc70ca24c110503e16918a658b869019126ecfe03109b754c402daff12b3d9f"},
    {file = "pillow-11.3.0-pp311-pypy311_pp73-macosx_10_15_x86_64.whl", hash = "sha256:7c8ec7a017ad1bd562f93dbd8505763e688d388cde6e4a010ae1486916e713e6"},
    {file = "pillow-11.3.0-pp311-pypy311_pp73-macosx_11_0_arm64.whl", hash = "sha256:9ab6ae226de48019caa8074894544af5b53a117ccb9d3b3dcb2871464c829438"},
    {file = "pillow-11.3.0-pp311-pypy311_pp73-manylinux2014_aarch64.manylinux_2_17_aarch64.whl", hash = "sha256:fe27fb049cdcca11f11a7bfda64043c37b30e6b91f10cb5bab275806c32f6ab3"},
    {file = "pillow-11.3.0-pp311-pypy311_pp73-manylinux2014_x86_64.manylinux_2_17_x86_64.whl", hash = "sha256:465b9e8844e3c3519a983d58b80be3f668e2a7a5db97f2784e7079fbc9f9822c"},
    {file = "pillow-11.3.0-pp311-pypy311_pp73-manylinux_2_27_aarch64.manylinux_2_28_aarch64.whl", hash = "sha256:5418b53c0d59b3824d05e029669efa023bbef0f3e92e75ec8428f3799487f361"},
    {file = "pillow-11.3.0-pp311-pypy311_pp73-manylinux_2_27_x86_64.manylinux_2_28_x86_64.whl", hash = "sha256:504b6f59505f08ae014f724b6207ff6222662aab5cc9542577fb084ed0676ac7"},
    {file = "pillow-11.3.0-pp311-pypy311_pp73-win_amd64.whl", hash = "sha256:c84d689db21a1c397d001aa08241044aa2069e7587b398c8cc63020390b1c1b8"},
    {file = "pillow-11.3.0.tar.gz", hash = "sha256:3828ee7586cd0b2091b6209e5ad53e20d0649bbe87164a459d0676e035e8f523"},
]

[package.extras]
docs = ["furo", "olefile", "sphinx (>=8.2)", "sphinx-autobuild", "sphinx-copybutton", "sphinx-inline-tabs", "sphinxext-opengraph"]
fpx = ["olefile"]
mic = ["olefile"]
test-arrow = ["pyarrow"]
tests = ["check-manifest", "coverage (>=7.4.2)", "defusedxml", "markdown2", "olefile", "packaging", "pyroma", "pytest", "pytest-cov", "pytest-timeout", "pytest-xdist", "trove-classifiers (>=2024.10.12)"]
typing = ["typing-extensions"]
xmp = ["defusedxml"]

[[package]]
name = "pluggy"
version = "1.6.0"
description = "plugin and hook calling mechanisms for python"
optional = false
python-versions = ">=3.9"
files = [
    {file = "pluggy-1.6.0-py3-none-any.whl", hash = "sha256:e920276dd6813095e9377c0bc5566d94c932c33b27a3e3945d8389c374dd4746"},
    {file = "pluggy-1.6.0.tar.gz", hash = "sha256:7dcc130b76258d33b90f61b658791dede3486c3e6bfb003ee5c9bfb396dd22f3"},
]

[package.extras]
dev = ["pre-commit", "tox"]
testing = ["coverage", "pytest", "pytest-benchmark"]

[[package]]
name = "pygments"
version = "2.19.2"
description = "Pygments is a syntax highlighting package written in Python."
optional = false
python-versions = ">=3.8"
files = [
    {file = "pygments-2.19.2-py3-none-any.whl", hash = "sha256:86540386c03d588bb81d44bc3928634ff26449851e99741617ecb9037ee5ec0b"},
    {file = "pygments-2.19.2.tar.gz", hash = "sha256:636cb2477cec7f8952536970bc533bc43743542f70392ae026374600add5b887"},
]

[package.extras]
windows-terminal = ["colorama (>=0.4.6)"]

[[package]]
name = "pytest"
version = "8.4.1"
description = "pytest: simple powerful testing with Python"
optional = false
python-versions = ">=3.9"
files = [
    {file = "pytest-8.4.1-py3-none-any.whl", hash = "sha256:539c70ba6fcead8e78eebbf1115e8b589e7565830d7d006a8723f19ac8a0afb7"},
    {file = "pytest-8.4.1.tar.gz", hash = "sha256:7c67fd69174877359ed9371ec3af8a3d2b04741818c51e5e99cc1742251fa93c"},
]

[package.dependencies]
colorama = {version = ">=0.4", markers = "sys_platform == \"win32\""}
iniconfig = ">=1"
packaging = ">=20"
pluggy = ">=1.5,<2"
pygments = ">=2.7.2"

[package.extras]
dev = ["argcomplete", "attrs (>=19.2)", "hypothesis (>=3.56)", "mock", "requests", "setuptools", "xmlschema"]

[[package]]
name = "pywavelets"
version = "1.8.0"
description = "PyWavelets, wavelet transform module"
optional = false
python-versions = ">=3.10"
files = [
    {file = "pywavelets-1.8.0-cp310-cp310-macosx_10_9_x86_64.whl", hash = "sha256:f5c86fcb203c8e61d1f3d4afbfc08d626c64e4e3708207315577264c724632bf"},
    {file = "pywavelets-1.8.0-cp310-cp310-macosx_11_0_arm64.whl", hash = "sha256:fafb5fa126277e1690c3d6329287122fc08e4d25a262ce126e3d81b1f5709308"},
    {file = "pywavelets-1.8.0-cp310-cp310-manylinux_2_17_aarch64.manylinux2014_aarch64.whl", hash = "sha256:dec23dfe6d5a3f4312b12456b8c546aa90a11c1138e425a885987505f0658ae0"},
    {file = "pywavelets-1.8.0-cp310-cp310-manylinux_2_17_x86_64.manylinux2014_x86_64.whl", hash = "sha256:880a0197e9fa108939af50a95e97c1bf9b7d3e148e0fad92ea60a9ed8c8947c0"},
    {file = "pywavelets-1.8.0-cp310-cp310-musllinux_1_2_aarch64.whl", hash = "sha256:8bfa833d08b60d0bf53a7939fbbf3d98015dd34efe89cbe4e53ced880d085fc1"},
    {file = "pywavelets-1.8.0-cp310-cp310-musllinux_1_2_x86_64.whl", hash = "sha256:e10c3fc7f4a796e94da4bca9871be2186a7bb7a3b3536a0ca9376d84263140f0"},
    {file = "pywavelets-1.8.0-cp310-cp310-win32.whl", hash = "sha256:31baf4be6940fde72cc85663154360857ac1b93c251822deaf72bb804da95031"},
    {file = "pywavelets-1.8.0-cp310-cp310-win_amd64.whl", hash = "sha256:560c39f1ff8cb37f8b8ea4b7b6eb8a14f6926c11f5cf8c09f013a58f895ed5bc"},
    {file = "pywavelets-1.8.0-cp311-cp311-macosx_10_9_x86_64.whl", hash = "sha256:e8dd5be4faed994581a8a4b3c0169be20567a9346e523f0b57f903c8f6722bce"},
    {file = "pywavelets-1.8.0-cp311-cp311-macosx_11_0_arm64.whl", hash = "sha256:8d8abaf7c120b151ef309c9ff57e0a44ba9febf49045056dbc1577526ecec6c8"},
    {file = "pywavelets-1.8.0-cp311-cp311-manylinux_2_17_aarch64.manylinux2014_aarch64.whl", hash = "sha256:4b43a4c58707b1e8d941bec7f1d83e67c482278575ff0db3189d5c0dfae23a57"},
    {file = "pywavelets-1.8.0-cp311-cp311-manylinux_2_17_x86_64.manylinux2014_x86_64.whl", hash = "sha256:1c1aad0b97714e3079a2bfe48e4fb8ccd60778d0427e9ee5e0a9ff922e6c61e4"},
    {file = "pywavelets-1.8.0-cp311-cp311-musllinux_1_2_aarch64.whl", hash = "sha256:a0e1db96dcf3ce08156859df8b359e9ff66fa15061a1b90e70e020bf4cd077a0"},
    {file = "pywavelets-1.8.0-cp311-cp311-musllinux_1_2_x86_64.whl", hash = "sha256:e62c8fb52ab0e8ff212fff9acae681a8f12d68b76c36fe24cc48809d5b6825ba"},
    {file = "pywavelets-1.8.0-cp311-cp311-win32.whl", hash = "sha256:bf327528d10de471b04bb725c4e10677fac5a49e13d41bf0d0b3a1f6d7097abf"},
    {file = "pywavelets-1.8.0-cp311-cp311-win_amd64.whl", hash = "sha256:3814d354dd109e244ffaac3d480d29a5202212fe24570c920268237c8d276f95"},
    {file = "pywavelets-1.8.0-cp312-cp312-macosx_10_13_x86_64.whl", hash = "sha256:3f431c9e2aff1a2240765eff5e804975d0fcc24c82d6f3d4271243f228e5963b"},
    {file = "pywavelets-1.8.0-cp312-cp312-macosx_11_0_arm64.whl", hash = "sha256:e39b0e2314e928cb850ee89b9042733a10ea044176a495a54dc84d2c98407a51"},
    {file = "pywavelets-1.8.0-cp312-cp312-manylinux_2_17_aarch64.manylinux2014_aarch64.whl", hash = "sha256:cae701117f5c7244b7c8d48b9e92a0289637cdc02a9c205e8be83361f0c11fae"},
    {file = "pywavelets-1.8.0-cp312-cp312-manylinux_2_17_x86_64.manylinux2014_x86_64.whl", hash = "sha256:649936baee933e80083788e0adc4d8bc2da7cdd8b10464d3b113475be2cc5308"},
    {file = "pywavelets-1.8.0-cp312-cp312-musllinux_1_2_aarch64.whl", hash = "sha256:8c68e9d072c536bc646e8bdce443bb1826eeb9aa21b2cb2479a43954dea692a3"},
    {file = "pywavelets-1.8.0-cp312-cp312-musllinux_1_2_x86_64.whl", hash = "sha256:63f67fa2ee1610445de64f746fb9c1df31980ad13d896ea2331fc3755f49b3ae"},
    {file = "pywavelets-1.8.0-cp312-cp312-win32.whl", hash = "sha256:4b3c2ab669c91e3474fd63294355487b7dd23f0b51d32f811327ddf3546f4f3d"},
    {file = "pywavelets-1.8.0-cp312-cp312-win_amd64.whl", hash = "sha256:810a23a631da596fef7196ddec49b345b1aab13525bb58547eeebe1769edbbc1"},
    {file = "pywavelets-1.8.0-cp313-cp313-macosx_10_13_x86_64.whl", hash = "sha256:441ba45c8dff8c6916dbe706958d0d7f91da675695ca0c0d75e483f6f52d0a12"},
    {file = "pywavelets-1.8.0-cp313-cp313-macosx_11_0_arm64.whl", hash = "sha256:24bb282bab09349d9d128ed0536fa50fff5c2147891971a69c2c36155dfeeeac"},
    {file = "pywavelets-1.8.0-cp313-cp313-manylinux_2_17_aarch64.manylinux2014_aarch64.whl", hash = "sha256:426ff3799446cb4da1db04c2084e6e58edfe24225596805665fd39c14f53dece"},
    {file = "pywavelets-1.8.0-cp313-cp313-manylinux_2_17_x86_64.manylinux2014_x86_64.whl", hash = "sha256:aa0607a9c085b8285bc0d04e33d461a6c80f8c325389221ffb1a45141861138e"},
    {file = "pywavelets-1.8.0-cp313-cp313-musllinux_1_2_aarch64.whl", hash = "sha256:d31c36a39110e8fcc7b1a4a11cfed7d22b610c285d3e7f4fe73ec777aa49fa39"},
    {file = "pywavelets-1.8.0-cp313-cp313-musllinux_1_2_x86_64.whl", hash = "sha256:fa7c68ed1e5bab23b1bafe60ccbcf709b878652d03de59e961baefa5210fcd0a"},
    {file = "pywavelets-1.8.0-cp313-cp313-win32.whl", hash = "sha256:2c6b359b55d713ef683e9da1529181b865a80d759881ceb9adc1c5742e4da4d8"},
    {file = "pywavelets-1.8.0-cp313-cp313-win_amd64.whl", hash = "sha256:4dbebcfd55ea8a85b7fc8802d411e75337170422abf6e96019d7e46c394e80e5"},
    {file = "pywavelets-1.8.0-cp313-cp313t-macosx_11_0_arm64.whl", hash = "sha256:2e1c79784bebeafd3715c1bea6621daa2e2e6ed37b687719322e2078fb35bb70"},
    {file = "pywavelets-1.8.0-cp313-cp313t-manylinux_2_17_x86_64.manylinux2014_x86_64.whl", hash = "sha256:7f489380c95013cc8fb3ef338f6d8c1a907125db453cc4dc739e2cca06fcd8b6"},
    {file = "pywavelets-1.8.0-cp313-cp313t-musllinux_1_2_x86_64.whl", hash = "sha256:06786201a91b5e74540f4f3c115c49a29190de2eb424823abbd3a1fd75ea3e28"},
    {file = "pywavelets-1.8.0-cp313-cp313t-win32.whl", hash = "sha256:f2877fb7b58c94211257dcf364b204d6ed259146fc87d5a90bf9d93c97af6226"},
    {file = "pywavelets-1.8.0-cp313-cp313t-win_amd64.whl", hash = "sha256:ec5d723c3335ff8aa630fd4b14097077f12cc02893c91cafd60dd7b1730e780f"},
    {file = "pywavelets-1.8.0.tar.gz", hash = "sha256:f3800245754840adc143cbc29534a1b8fc4b8cff6e9d403326bd52b7bb5c35aa"},
]

[package.dependencies]
numpy = ">=1.23,<3"

[package.extras]
optional = ["scipy (>=1.9)"]

[[package]]
name = "scipy"
version = "1.16.0"
description = "Fundamental algorithms for scientific computing in Python"
optional = false
python-versions = ">=3.11"
files = [
    {file = "scipy-1.16.0-cp311-cp311-macosx_10_14_x86_64.whl", hash = "sha256:deec06d831b8f6b5fb0b652433be6a09db29e996368ce5911faf673e78d20085"},
    {file = "scipy-1.16.0-cp311-cp311-macosx_12_0_arm64.whl", hash = "sha256:d30c0fe579bb901c61ab4bb7f3eeb7281f0d4c4a7b52dbf563c89da4fd2949be"},
    {file = "scipy-1.16.0-cp311-cp311-macosx_14_0_arm64.whl", hash = "sha256:b2243561b45257f7391d0f49972fca90d46b79b8dbcb9b2cb0f9df928d370ad4"},
    {file = "scipy-1.16.0-cp311-cp311-macosx_14_0_x86_64.whl", hash = "sha256:e6d7dfc148135e9712d87c5f7e4f2ddc1304d1582cb3a7d698bbadedb61c7afd"},
    {file = "scipy-1.16.0-cp311-cp311-manylinux2014_aarch64.manylinux_2_17_aarch64.whl", hash = "sha256:90452f6a9f3fe5a2cf3748e7be14f9cc7d9b124dce19667b54f5b429d680d539"},
    {file = "scipy-1.16.0-cp311-cp311-manylinux2014_x86_64.manylinux_2_17_x86_64.whl", hash = "sha256:a2f0bf2f58031c8701a8b601df41701d2a7be17c7ffac0a4816aeba89c4cdac8"},
    {file = "scipy-1.16.0-cp311-cp311-musllinux_1_2_aarch64.whl", hash = "sha256:6c4abb4c11fc0b857474241b812ce69ffa6464b4bd8f4ecb786cf240367a36a7"},
    {file = "scipy-1.16.0-cp311-cp311-musllinux_1_2_x86_64.whl", hash = "sha256:b370f8f6ac6ef99815b0d5c9f02e7ade77b33007d74802efc8316c8db98fd11e"},
    {file = "scipy-1.16.0-cp311-cp311-win_amd64.whl", hash = "sha256:a16ba90847249bedce8aa404a83fb8334b825ec4a8e742ce6012a7a5e639f95c"},
    {file = "scipy-1.16.0-cp312-cp312-macosx_10_14_x86_64.whl", hash = "sha256:7eb6bd33cef4afb9fa5f1fb25df8feeb1e52d94f21a44f1d17805b41b1da3180"},
    {file = "scipy-1.16.0-cp312-cp312-macosx_12_0_arm64.whl", hash = "sha256:1dbc8fdba23e4d80394ddfab7a56808e3e6489176d559c6c71935b11a2d59db1"},
    {file = "scipy-1.16.0-cp312-cp312-macosx_14_0_arm64.whl", hash = "sha256:7dcf42c380e1e3737b343dec21095c9a9ad3f9cbe06f9c05830b44b1786c9e90"},
    {file = "scipy-1.16.0-cp312-cp312-macosx_14_0_x86_64.whl", hash = "sha256:26ec28675f4a9d41587266084c626b02899db373717d9312fa96ab17ca1ae94d"},
    {file = "scipy-1.16.0-cp312-cp312-manylinux2014_aarch64.manylinux_2_17_aarch64.whl", hash = "sha256:952358b7e58bd3197cfbd2f2f2ba829f258404bdf5db59514b515a8fe7a36c52"},
    {file = "scipy-1.16.0-cp312-cp312-manylinux2014_x86_64.manylinux_2_17_x86_64.whl", hash = "sha256:03931b4e870c6fef5b5c0970d52c9f6ddd8c8d3e934a98f09308377eba6f3824"},
    {file = "scipy-1.16.0-cp312-cp312-musllinux_1_2_aarch64.whl", hash = "sha256:512c4f4f85912767c351a0306824ccca6fd91307a9f4318efe8fdbd9d30562ef"},
    {file = "scipy-1.16.0-cp312-cp312-musllinux_1_2_x86_64.whl", hash = "sha256:e69f798847e9add03d512eaf5081a9a5c9a98757d12e52e6186ed9681247a1ac"},
    {file = "scipy-1.16.0-cp312-cp312-win_amd64.whl", hash = "sha256:adf9b1999323ba335adc5d1dc7add4781cb5a4b0ef1e98b79768c05c796c4e49"},
    {file = "scipy-1.16.0-cp313-cp313-macosx_10_14_x86_64.whl", hash = "sha256:e9f414cbe9ca289a73e0cc92e33a6a791469b6619c240aa32ee18abdce8ab451"},
    {file = "scipy-1.16.0-cp313-cp313-macosx_12_0_arm64.whl", hash = "sha256:bbba55fb97ba3cdef9b1ee973f06b09d518c0c7c66a009c729c7d1592be1935e"},
    {file = "scipy-1.16.0-cp313-cp313-macosx_14_0_arm64.whl", hash = "sha256:58e0d4354eacb6004e7aa1cd350e5514bd0270acaa8d5b36c0627bb3bb486974"},
    {file = "scipy-1.16.0-cp313-cp313-macosx_14_0_x86_64.whl", hash = "sha256:75b2094ec975c80efc273567436e16bb794660509c12c6a31eb5c195cbf4b6dc"},
    {file = "scipy-1.16.0-cp313-cp313-manylinux2014_aarch64.manylinux_2_17_aarch64.whl", hash = "sha256:6b65d232157a380fdd11a560e7e21cde34fdb69d65c09cb87f6cc024ee376351"},
    {file = "scipy-1.16.0-cp313-cp313-manylinux2014_x86_64.manylinux_2_17_x86_64.whl", hash = "sha256:1d8747f7736accd39289943f7fe53a8333be7f15a82eea08e4afe47d79568c32"},
    {file = "scipy-1.16.0-cp313-cp313-musllinux_1_2_aarch64.whl", hash = "sha256:eb9f147a1b8529bb7fec2a85cf4cf42bdfadf9e83535c309a11fdae598c88e8b"},
    {file = "scipy-1.16.0-cp313-cp313-musllinux_1_2_x86_64.whl", hash = "sha256:d2b83c37edbfa837a8923d19c749c1935ad3d41cf196006a24ed44dba2ec4358"},
    {file = "scipy-1.16.0-cp313-cp313-win_amd64.whl", hash = "sha256:79a3c13d43c95aa80b87328a46031cf52508cf5f4df2767602c984ed1d3c6bbe"},
    {file = "scipy-1.16.0-cp313-cp313t-macosx_10_14_x86_64.whl", hash = "sha256:f91b87e1689f0370690e8470916fe1b2308e5b2061317ff76977c8f836452a47"},
    {file = "scipy-1.16.0-cp313-cp313t-macosx_12_0_arm64.whl", hash = "sha256:88a6ca658fb94640079e7a50b2ad3b67e33ef0f40e70bdb7dc22017dae73ac08"},
    {file = "scipy-1.16.0-cp313-cp313t-macosx_14_0_arm64.whl", hash = "sha256:ae902626972f1bd7e4e86f58fd72322d7f4ec7b0cfc17b15d4b7006efc385176"},
    {file = "scipy-1.16.0-cp313-cp313t-macosx_14_0_x86_64.whl", hash = "sha256:8cb824c1fc75ef29893bc32b3ddd7b11cf9ab13c1127fe26413a05953b8c32ed"},
    {file = "scipy-1.16.0-cp313-cp313t-manylinux2014_aarch64.manylinux_2_17_aarch64.whl", hash = "sha256:de2db7250ff6514366a9709c2cba35cb6d08498e961cba20d7cff98a7ee88938"},
    {file = "scipy-1.16.0-cp313-cp313t-manylinux2014_x86_64.manylinux_2_17_x86_64.whl", hash = "sha256:e85800274edf4db8dd2e4e93034f92d1b05c9421220e7ded9988b16976f849c1"},
    {file = "scipy-1.16.0-cp313-cp313t-musllinux_1_2_aarch64.whl", hash = "sha256:4f720300a3024c237ace1cb11f9a84c38beb19616ba7c4cdcd771047a10a1706"},
    {file = "scipy-1.16.0-cp313-cp313t-musllinux_1_2_x86_64.whl", hash = "sha256:aad603e9339ddb676409b104c48a027e9916ce0d2838830691f39552b38a352e"},
    {file = "scipy-1.16.0-cp313-cp313t-win_amd64.whl", hash = "sha256:f56296fefca67ba605fd74d12f7bd23636267731a72cb3947963e76b8c0a25db"},
    {file = "scipy-1.16.0.tar.gz", hash = "sha256:b5ef54021e832869c8cfb03bc3bf20366cbcd426e02a58e8a58d7584dfbb8f62"},
]

[package.dependencies]
numpy = ">=1.25.2,<2.6"

[package.extras]
dev = ["cython-lint (>=0.12.2)", "doit (>=0.36.0)", "mypy (==1.10.0)", "pycodestyle", "pydevtool", "rich-click", "ruff (>=0.0.292)", "types-psutil", "typing_extensions"]
doc = ["intersphinx_registry", "jupyterlite-pyodide-kernel", "jupyterlite-sphinx (>=0.19.1)", "jupytext", "linkify-it-py", "matplotlib (>=3.5)", "myst-nb (>=1.2.0)", "numpydoc", "pooch", "pydata-sphinx-theme (>=0.15.2)", "sphinx (>=5.0.0,<8.2.0)", "sphinx-copybutton", "sphinx-design (>=0.4.0)"]
test = ["Cython", "array-api-strict (>=2.3.1)", "asv", "gmpy2", "hypothesis (>=6.30)", "meson", "mpmath", "ninja", "pooch", "pytest", "pytest-cov", "pytest-timeout", "pytest-xdist", "scikit-umfpack", "threadpoolctl"]

[metadata]
lock-version = "2.0"
python-versions = "^3.12"
content-hash = "def274329ddd14aa18b9e9cc1900881ce4d7d0ac69751ca0577fbf860752bd6b"
